
Microsoft Visual Studio Solution File, Format Version 12.00
# Visual Studio Version 17
VisualStudioVersion = 17.3.32901.215
MinimumVisualStudioVersion = 10.0.40219.1
Project("{9A19103F-16F7-4668-BE54-9A1E7A4F7556}") = "AtCoderAutomationTool", "AtCoderAutomationTool.csproj", "{607A829F-B2F6-4536-B416-C782BF49477B}"
EndProject
Global
	GlobalSection(SolutionConfigurationPlatforms) = preSolution
		Debug|Any CPU = Debug|Any CPU
		Release|Any CPU = Release|Any CPU
	EndGlobalSection
	GlobalSection(ProjectConfigurationPlatforms) = postSolution
		{607A829F-B2F6-4536-B416-C782BF49477B}.Debug|Any CPU.ActiveCfg = Debug|Any CPU
		{607A829F-B2F6-4536-B416-C782BF49477B}.Debug|Any CPU.Build.0 = Debug|Any CPU
		{607A829F-B2F6-4536-B416-C782BF49477B}.Release|Any CPU.ActiveCfg = Debug|Any CPU
		{607A829F-B2F6-4536-B416-C782BF49477B}.Release|Any CPU.Build.0 = Debug|Any CPU
	EndGlobalSection
	GlobalSection(SolutionProperties) = preSolution
		HideSolutionNode = FALSE
	EndGlobalSection
	GlobalSection(ExtensibilityGlobals) = postSolution
		SolutionGuid = {8A93DFCD-29E0-4011-85DF-B2F2FC289045}
	EndGlobalSection
EndGlobal
